
Microsoft Visual Studio Solution File, Format Version 12.00
# Visual Studio Version 17
VisualStudioVersion = 17.11.35312.102
MinimumVisualStudioVersion = 10.0.40219.1
Project("{FAE04EC0-301F-11D3-BF4B-00C04F79EFBC}") = "Brutto_Netto Rechner", "Brutto_Netto Rechner\Brutto_Netto Rechner.csproj", "{056AB90F-00A4-478C-BCD0-89C041CA5DC3}"
EndProject
Global
	GlobalSection(SolutionConfigurationPlatforms) = preSolution
		Debug|Any CPU = Debug|Any CPU
		Release|Any CPU = Release|Any CPU
	EndGlobalSection
	GlobalSection(ProjectConfigurationPlatforms) = postSolution
		{056AB90F-00A4-478C-BCD0-89C041CA5DC3}.Debug|Any CPU.ActiveCfg = Debug|Any CPU
		{056AB90F-00A4-478C-BCD0-89C041CA5DC3}.Debug|Any CPU.Build.0 = Debug|Any CPU
		{056AB90F-00A4-478C-BCD0-89C041CA5DC3}.Release|Any CPU.ActiveCfg = Release|Any CPU
		{056AB90F-00A4-478C-BCD0-89C041CA5DC3}.Release|Any CPU.Build.0 = Release|Any CPU
	EndGlobalSection
	GlobalSection(SolutionProperties) = preSolution
		HideSolutionNode = FALSE
	EndGlobalSection
	GlobalSection(ExtensibilityGlobals) = postSolution
		SolutionGuid = {2CAF5196-88BB-4615-A023-F7D2896FDD34}
	EndGlobalSection
EndGlobal
